
Microsoft Visual Studio Solution File, Format Version 12.00
# Visual Studio Version 17
VisualStudioVersion = 17.14.36811.4
MinimumVisualStudioVersion = 10.0.40219.1
Project("{8BC9CEB8-8B4A-11D0-8D11-00A0C91BC942}") = "game_engine", "game_engine.vcxproj", "{FEEB9D04-7C36-431C-83B5-0334B2E14011}"
	ProjectSection(ProjectDependencies) = postProject
		{A2000FC6-D63D-45EF-96F0-A99012541EBE} = {A2000FC6-D63D-45EF-96F0-A99012541EBE}
	EndProjectSection
EndProject
Project("{FAE04EC0-301F-11D3-BF4B-00C04F79EFBC}") = "Scripts", "Scripts\Scripts.csproj", "{A2000FC6-D63D-45EF-96F0-A99012541EBE}"
EndProject
Global
	GlobalSection(SolutionConfigurationPlatforms) = preSolution
		Debug|Any CPU = Debug|Any CPU
		Debug|x64 = Debug|x64
		Debug|x86 = Debug|x86
		Release|Any CPU = Release|Any CPU
		Release|x64 = Release|x64
		Release|x86 = Release|x86
	EndGlobalSection
	GlobalSection(ProjectConfigurationPlatforms) = postSolution
		{FEEB9D04-7C36-431C-83B5-0334B2E14011}.Debug|Any CPU.ActiveCfg = Debug|x64
		{FEEB9D04-7C36-431C-83B5-0334B2E14011}.Debug|Any CPU.Build.0 = Debug|x64
		{FEEB9D04-7C36-431C-83B5-0334B2E14011}.Debug|x64.ActiveCfg = Debug|x64
		{FEEB9D04-7C36-431C-83B5-0334B2E14011}.Debug|x64.Build.0 = Debug|x64
		{FEEB9D04-7C36-431C-83B5-0334B2E14011}.Debug|x86.ActiveCfg = Debug|Win32
		{FEEB9D04-7C36-431C-83B5-0334B2E14011}.Debug|x86.Build.0 = Debug|Win32
		{FEEB9D04-7C36-431C-83B5-0334B2E14011}.Release|Any CPU.ActiveCfg = Release|x64
		{FEEB9D04-7C36-431C-83B5-0334B2E14011}.Release|Any CPU.Build.0 = Release|x64
		{FEEB9D04-7C36-431C-83B5-0334B2E14011}.Release|x64.ActiveCfg = Release|x64
		{FEEB9D04-7C36-431C-83B5-0334B2E14011}.Release|x64.Build.0 = Release|x64
		{FEEB9D04-7C36-431C-83B5-0334B2E14011}.Release|x86.ActiveCfg = Release|Win32
		{FEEB9D04-7C36-431C-83B5-0334B2E14011}.Release|x86.Build.0 = Release|Win32
		{A2000FC6-D63D-45EF-96F0-A99012541EBE}.Debug|Any CPU.ActiveCfg = Debug|Any CPU
		{A2000FC6-D63D-45EF-96F0-A99012541EBE}.Debug|Any CPU.Build.0 = Debug|Any CPU
		{A2000FC6-D63D-45EF-96F0-A99012541EBE}.Debug|x64.ActiveCfg = Debug|Any CPU
		{A2000FC6-D63D-45EF-96F0-A99012541EBE}.Debug|x64.Build.0 = Debug|Any CPU
		{A2000FC6-D63D-45EF-96F0-A99012541EBE}.Debug|x86.ActiveCfg = Debug|Any CPU
		{A2000FC6-D63D-45EF-96F0-A99012541EBE}.Debug|x86.Build.0 = Debug|Any CPU
		{A2000FC6-D63D-45EF-96F0-A99012541EBE}.Release|Any CPU.ActiveCfg = Release|Any CPU
		{A2000FC6-D63D-45EF-96F0-A99012541EBE}.Release|Any CPU.Build.0 = Release|Any CPU
		{A2000FC6-D63D-45EF-96F0-A99012541EBE}.Release|x64.ActiveCfg = Release|Any CPU
		{A2000FC6-D63D-45EF-96F0-A99012541EBE}.Release|x64.Build.0 = Release|Any CPU
		{A2000FC6-D63D-45EF-96F0-A99012541EBE}.Release|x86.ActiveCfg = Release|Any CPU
		{A2000FC6-D63D-45EF-96F0-A99012541EBE}.Release|x86.Build.0 = Release|Any CPU
	EndGlobalSection
	GlobalSection(SolutionProperties) = preSolution
		HideSolutionNode = FALSE
	EndGlobalSection
	GlobalSection(ExtensibilityGlobals) = postSolution
		SolutionGuid = {D60A2798-2B9F-4A1C-9576-B5B787441609}
	EndGlobalSection
EndGlobal
